{
    "_readme": [
        "This file locks the dependencies of your project to a known state",
        "Read more about it at https://getcomposer.org/doc/01-basic-usage.md#composer-lock-the-lock-file",
        "This file is @generated automatically"
    ],
    "content-hash": "697a72ecb573f8fbc4718535760affbd",
    "packages": [
        {
            "name": "afarkas/html5shiv",
            "version": "3.7.3",
            "source": {
                "type": "git",
                "url": "https://github.com/aFarkas/html5shiv.git",
                "reference": "ed28c56c071bddfe7d635ad88995674957a016be"
            },
            "dist": {
                "type": "zip",
                "url": "https://api.github.com/repos/aFarkas/html5shiv/zipball/ed28c56c071bddfe7d635ad88995674957a016be",
                "reference": "ed28c56c071bddfe7d635ad88995674957a016be",
                "shasum": ""
            },
            "type": "component",
            "extra": {
                "component": {
                    "scripts": [
                        "dist/html5shiv.js"
                    ]
                }
            },
            "notification-url": "https://packagist.org/downloads/",
            "license": [
                "MIT",
                "GPL-2.0"
            ],
            "description": "Defacto way to enable use of HTML5 sectioning elements in legacy Internet Explorer.",
            "homepage": "http://paulirish.com/2011/the-history-of-the-html5-shiv/",
            "time": "2015-07-20T20:04:00+00:00"
        },
        {
            "name": "components/jquery",
            "version": "3.2.1",
            "source": {
                "type": "git",
                "url": "https://github.com/components/jquery.git",
                "reference": "e5534d4ab8e80c159553d507e358ed20a806d3bf"
            },
            "dist": {
                "type": "zip",
                "url": "https://api.github.com/repos/components/jquery/zipball/e5534d4ab8e80c159553d507e358ed20a806d3bf",
                "reference": "e5534d4ab8e80c159553d507e358ed20a806d3bf",
                "shasum": ""
            },
            "type": "component",
            "extra": {
                "component": {
                    "scripts": [
                        "jquery.js"
                    ],
                    "files": [
                        "jquery.min.js",
                        "jquery.min.map",
                        "jquery.slim.js",
                        "jquery.slim.min.js",
                        "jquery.slim.min.map"
                    ]
                }
            },
            "notification-url": "https://packagist.org/downloads/",
            "license": [
                "MIT"
            ],
            "authors": [
                {
                    "name": "JS Foundation and other contributors"
                }
            ],
            "description": "jQuery JavaScript Library",
            "homepage": "http://jquery.com",
            "time": "2017-03-21T07:01:49+00:00"
        },
        {
            "name": "foxou33/respond",
            "version": "dev-master",
            "source": {
                "type": "git",
                "url": "https://github.com/foxou33/Respond.git",
                "reference": "c07bf6d87b95ee9b6d4232810079058a54c4ebf2"
            },
            "dist": {
                "type": "zip",
                "url": "https://api.github.com/repos/foxou33/Respond/zipball/c07bf6d87b95ee9b6d4232810079058a54c4ebf2",
                "reference": "c07bf6d87b95ee9b6d4232810079058a54c4ebf2",
                "shasum": ""
            },
            "type": "library",
            "notification-url": "https://packagist.org/downloads/",
            "license": [
                "MIT"
            ],
            "authors": [
                {
                    "name": "Scott Jehl",
                    "email": "scottjehl@gmail.com"
                }
            ],
            "description": "min/max-width media query polyfill",
            "homepage": "http://scottjehl.com",
            "time": "2016-11-27 17:05:15"
        },
        {
            "name": "grimmlink/bootstrap-filestyle",
            "version": "v1.2.1",
            "source": {
                "type": "git",
                "url": "https://github.com/grimmlink/bootstrap-filestyle.git",
                "reference": "03ee563ade086343ded0dbc372d068edad6ea614"
            },
            "dist": {
                "type": "zip",
                "url": "https://api.github.com/repos/grimmlink/bootstrap-filestyle/zipball/03ee563ade086343ded0dbc372d068edad6ea614",
                "reference": "03ee563ade086343ded0dbc372d068edad6ea614",
                "shasum": ""
            },
            "type": "library",
            "notification-url": "https://packagist.org/downloads/",
            "license": [
                "MIT"
            ],
            "description": "Shim repository for bootstrap-filestyle",
            "homepage": "https://github.com/markusslima/bootstrap-filestyle#readme",
            "keywords": [
                "bootstrap",
                "filestyle",
                "fileupload"
            ],
            "time": "2016-05-19T13:34:37+00:00"
        },
        {
            "name": "twbs/bootstrap",
            "version": "v3.3.7",
            "source": {
                "type": "git",
                "url": "https://github.com/twbs/bootstrap.git",
                "reference": "0b9c4a4007c44201dce9a6cc1a38407005c26c86"
            },
            "dist": {
                "type": "zip",
                "url": "https://api.github.com/repos/twbs/bootstrap/zipball/0b9c4a4007c44201dce9a6cc1a38407005c26c86",
                "reference": "0b9c4a4007c44201dce9a6cc1a38407005c26c86",
                "shasum": ""
            },
            "replace": {
                "twitter/bootstrap": "self.version"
            },
            "type": "library",
            "extra": {
                "branch-alias": {
                    "dev-master": "3.3.x-dev"
                }
            },
            "notification-url": "https://packagist.org/downloads/",
            "license": [
                "MIT"
            ],
            "authors": [
                {
                    "name": "Jacob Thornton",
                    "email": "jacobthornton@gmail.com"
                },
                {
                    "name": "Mark Otto",
                    "email": "markdotto@gmail.com"
                }
            ],
            "description": "The most popular front-end framework for developing responsive, mobile first projects on the web.",
            "homepage": "http://getbootstrap.com",
            "keywords": [
                "JS",
                "css",
                "framework",
                "front-end",
                "less",
                "mobile-first",
                "responsive",
                "web"
            ],
            "time": "2016-07-25T15:51:55+00:00"
        }
    ],
    "packages-dev": [],
    "aliases": [],
    "minimum-stability": "stable",
    "stability-flags": {
        "foxou33/respond": 20
    },
    "prefer-stable": false,
    "prefer-lowest": false,
    "platform": [],
    "platform-dev": []
}
